
Microsoft Visual Studio Solution File, Format Version 12.00
# Visual Studio Version 17
VisualStudioVersion = 17.6.33829.357
MinimumVisualStudioVersion = 10.0.40219.1
Project("{9A19103F-16F7-4668-BE54-9A1E7A4F7556}") = "Carting", "Carting\Carting.csproj", "{27875F46-88F8-466E-A301-20ACB1982461}"
EndProject
Project("{FAE04EC0-301F-11D3-BF4B-00C04F79EFBC}") = "Carting.Kafka", "Carting.Kafka\Carting.Kafka.csproj", "{AED09386-7E88-4583-9A68-30A9B3DB8B76}"
EndProject
Global
	GlobalSection(SolutionConfigurationPlatforms) = preSolution
		Debug|Any CPU = Debug|Any CPU
		Release|Any CPU = Release|Any CPU
	EndGlobalSection
	GlobalSection(ProjectConfigurationPlatforms) = postSolution
		{27875F46-88F8-466E-A301-20ACB1982461}.Debug|Any CPU.ActiveCfg = Debug|Any CPU
		{27875F46-88F8-466E-A301-20ACB1982461}.Debug|Any CPU.Build.0 = Debug|Any CPU
		{27875F46-88F8-466E-A301-20ACB1982461}.Release|Any CPU.ActiveCfg = Release|Any CPU
		{27875F46-88F8-466E-A301-20ACB1982461}.Release|Any CPU.Build.0 = Release|Any CPU
		{AED09386-7E88-4583-9A68-30A9B3DB8B76}.Debug|Any CPU.ActiveCfg = Debug|Any CPU
		{AED09386-7E88-4583-9A68-30A9B3DB8B76}.Debug|Any CPU.Build.0 = Debug|Any CPU
		{AED09386-7E88-4583-9A68-30A9B3DB8B76}.Release|Any CPU.ActiveCfg = Release|Any CPU
		{AED09386-7E88-4583-9A68-30A9B3DB8B76}.Release|Any CPU.Build.0 = Release|Any CPU
	EndGlobalSection
	GlobalSection(SolutionProperties) = preSolution
		HideSolutionNode = FALSE
	EndGlobalSection
	GlobalSection(ExtensibilityGlobals) = postSolution
		SolutionGuid = {255C150B-1718-4B35-BA2A-D4336901EF03}
	EndGlobalSection
EndGlobal
